
Microsoft Visual Studio Solution File, Format Version 12.00
# Visual Studio Version 16
VisualStudioVersion = 16.0.29709.97
MinimumVisualStudioVersion = 10.0.40219.1
Project("{FAE04EC0-301F-11D3-BF4B-00C04F79EFBC}") = "HSEInternal", "HSEInternal\HSEInternal.csproj", "{F2B6723A-8C80-4A2F-9FF8-0B80243EC494}"
EndProject
Global
	GlobalSection(SolutionConfigurationPlatforms) = preSolution
		Debug|Any CPU = Debug|Any CPU
		Release|Any CPU = Release|Any CPU
	EndGlobalSection
	GlobalSection(ProjectConfigurationPlatforms) = postSolution
		{F2B6723A-8C80-4A2F-9FF8-0B80243EC494}.Debug|Any CPU.ActiveCfg = Debug|Any CPU
		{F2B6723A-8C80-4A2F-9FF8-0B80243EC494}.Debug|Any CPU.Build.0 = Debug|Any CPU
		{F2B6723A-8C80-4A2F-9FF8-0B80243EC494}.Release|Any CPU.ActiveCfg = Release|Any CPU
		{F2B6723A-8C80-4A2F-9FF8-0B80243EC494}.Release|Any CPU.Build.0 = Release|Any CPU
	EndGlobalSection
	GlobalSection(SolutionProperties) = preSolution
		HideSolutionNode = FALSE
	EndGlobalSection
	GlobalSection(ExtensibilityGlobals) = postSolution
		SolutionGuid = {6AEB0ADF-F96C-411B-B78E-9AD4D8FCBF82}
	EndGlobalSection
EndGlobal
